
Microsoft Visual Studio Solution File, Format Version 12.00
# Visual Studio Version 16
VisualStudioVersion = 16.0.31410.357
MinimumVisualStudioVersion = 10.0.40219.1
Project("{FAE04EC0-301F-11D3-BF4B-00C04F79EFBC}") = "Aula 8 - CSharp", "Aula 8 - CSharp.csproj", "{6DC75D12-768E-4BE1-8055-CB65AE102237}"
EndProject
Global
	GlobalSection(SolutionConfigurationPlatforms) = preSolution
		Debug|Any CPU = Debug|Any CPU
		Release|Any CPU = Release|Any CPU
	EndGlobalSection
	GlobalSection(ProjectConfigurationPlatforms) = postSolution
		{6DC75D12-768E-4BE1-8055-CB65AE102237}.Debug|Any CPU.ActiveCfg = Debug|Any CPU
		{6DC75D12-768E-4BE1-8055-CB65AE102237}.Debug|Any CPU.Build.0 = Debug|Any CPU
		{6DC75D12-768E-4BE1-8055-CB65AE102237}.Release|Any CPU.ActiveCfg = Release|Any CPU
		{6DC75D12-768E-4BE1-8055-CB65AE102237}.Release|Any CPU.Build.0 = Release|Any CPU
	EndGlobalSection
	GlobalSection(SolutionProperties) = preSolution
		HideSolutionNode = FALSE
	EndGlobalSection
	GlobalSection(ExtensibilityGlobals) = postSolution
		SolutionGuid = {8E41F2D1-D1C2-4238-94AA-13C807CE3404}
	EndGlobalSection
EndGlobal
