
Microsoft Visual Studio Solution File, Format Version 12.00
# Visual Studio Version 16
VisualStudioVersion = 16.0.31410.357
MinimumVisualStudioVersion = 10.0.40219.1
Project("{FAE04EC0-301F-11D3-BF4B-00C04F79EFBC}") = "Aula 2 Curso CSharp", "Aula 2 Curso CSharp.csproj", "{3B800517-4CEC-432C-B83E-20571AD186BF}"
EndProject
Global
	GlobalSection(SolutionConfigurationPlatforms) = preSolution
		Debug|Any CPU = Debug|Any CPU
		Release|Any CPU = Release|Any CPU
	EndGlobalSection
	GlobalSection(ProjectConfigurationPlatforms) = postSolution
		{3B800517-4CEC-432C-B83E-20571AD186BF}.Debug|Any CPU.ActiveCfg = Debug|Any CPU
		{3B800517-4CEC-432C-B83E-20571AD186BF}.Debug|Any CPU.Build.0 = Debug|Any CPU
		{3B800517-4CEC-432C-B83E-20571AD186BF}.Release|Any CPU.ActiveCfg = Release|Any CPU
		{3B800517-4CEC-432C-B83E-20571AD186BF}.Release|Any CPU.Build.0 = Release|Any CPU
	EndGlobalSection
	GlobalSection(SolutionProperties) = preSolution
		HideSolutionNode = FALSE
	EndGlobalSection
	GlobalSection(ExtensibilityGlobals) = postSolution
		SolutionGuid = {DEEC4150-74A6-496C-8C02-D410591BB74A}
	EndGlobalSection
EndGlobal
