
Microsoft Visual Studio Solution File, Format Version 12.00
# Visual Studio Version 16
VisualStudioVersion = 16.0.31410.357
MinimumVisualStudioVersion = 10.0.40219.1
Project("{FAE04EC0-301F-11D3-BF4B-00C04F79EFBC}") = "WinFormsApp1", "WinFormsApp1.csproj", "{C6B1D740-0E22-4D52-BD54-5E352B554111}"
EndProject
Global
	GlobalSection(SolutionConfigurationPlatforms) = preSolution
		Debug|Any CPU = Debug|Any CPU
		Release|Any CPU = Release|Any CPU
	EndGlobalSection
	GlobalSection(ProjectConfigurationPlatforms) = postSolution
		{C6B1D740-0E22-4D52-BD54-5E352B554111}.Debug|Any CPU.ActiveCfg = Debug|Any CPU
		{C6B1D740-0E22-4D52-BD54-5E352B554111}.Debug|Any CPU.Build.0 = Debug|Any CPU
		{C6B1D740-0E22-4D52-BD54-5E352B554111}.Release|Any CPU.ActiveCfg = Release|Any CPU
		{C6B1D740-0E22-4D52-BD54-5E352B554111}.Release|Any CPU.Build.0 = Release|Any CPU
	EndGlobalSection
	GlobalSection(SolutionProperties) = preSolution
		HideSolutionNode = FALSE
	EndGlobalSection
	GlobalSection(ExtensibilityGlobals) = postSolution
		SolutionGuid = {2A886C39-D87B-4C5B-B20D-E048540A0EC4}
	EndGlobalSection
EndGlobal
