
Microsoft Visual Studio Solution File, Format Version 12.00
# Visual Studio Version 16
VisualStudioVersion = 16.0.31410.357
MinimumVisualStudioVersion = 10.0.40219.1
Project("{FAE04EC0-301F-11D3-BF4B-00C04F79EFBC}") = "Zoo", "Zoo.csproj", "{8527F3D1-FA0F-48AF-A171-3B2BC3395745}"
EndProject
Global
	GlobalSection(SolutionConfigurationPlatforms) = preSolution
		Debug|Any CPU = Debug|Any CPU
		Release|Any CPU = Release|Any CPU
	EndGlobalSection
	GlobalSection(ProjectConfigurationPlatforms) = postSolution
		{8527F3D1-FA0F-48AF-A171-3B2BC3395745}.Debug|Any CPU.ActiveCfg = Debug|Any CPU
		{8527F3D1-FA0F-48AF-A171-3B2BC3395745}.Debug|Any CPU.Build.0 = Debug|Any CPU
		{8527F3D1-FA0F-48AF-A171-3B2BC3395745}.Release|Any CPU.ActiveCfg = Release|Any CPU
		{8527F3D1-FA0F-48AF-A171-3B2BC3395745}.Release|Any CPU.Build.0 = Release|Any CPU
	EndGlobalSection
	GlobalSection(SolutionProperties) = preSolution
		HideSolutionNode = FALSE
	EndGlobalSection
	GlobalSection(ExtensibilityGlobals) = postSolution
		SolutionGuid = {1952BC97-BF7C-4993-9B07-AD9A1DFF3B52}
	EndGlobalSection
EndGlobal
