
Microsoft Visual Studio Solution File, Format Version 12.00
# Visual Studio Version 16
VisualStudioVersion = 16.0.31410.357
MinimumVisualStudioVersion = 10.0.40219.1
Project("{FAE04EC0-301F-11D3-BF4B-00C04F79EFBC}") = "Aula 9 - CSharp", "Aula 9 - CSharp.csproj", "{FF7227C3-FBC5-4FC4-A75D-4078CCF9A8DD}"
EndProject
Global
	GlobalSection(SolutionConfigurationPlatforms) = preSolution
		Debug|Any CPU = Debug|Any CPU
		Release|Any CPU = Release|Any CPU
	EndGlobalSection
	GlobalSection(ProjectConfigurationPlatforms) = postSolution
		{FF7227C3-FBC5-4FC4-A75D-4078CCF9A8DD}.Debug|Any CPU.ActiveCfg = Debug|Any CPU
		{FF7227C3-FBC5-4FC4-A75D-4078CCF9A8DD}.Debug|Any CPU.Build.0 = Debug|Any CPU
		{FF7227C3-FBC5-4FC4-A75D-4078CCF9A8DD}.Release|Any CPU.ActiveCfg = Release|Any CPU
		{FF7227C3-FBC5-4FC4-A75D-4078CCF9A8DD}.Release|Any CPU.Build.0 = Release|Any CPU
	EndGlobalSection
	GlobalSection(SolutionProperties) = preSolution
		HideSolutionNode = FALSE
	EndGlobalSection
	GlobalSection(ExtensibilityGlobals) = postSolution
		SolutionGuid = {3347F46B-0F4E-4C6B-8519-2B85F720AE4E}
	EndGlobalSection
EndGlobal
