
Microsoft Visual Studio Solution File, Format Version 12.00
# Visual Studio Version 16
VisualStudioVersion = 16.0.31410.357
MinimumVisualStudioVersion = 10.0.40219.1
Project("{FAE04EC0-301F-11D3-BF4B-00C04F79EFBC}") = "Aula 15 - CSharp", "Aula 15 - CSharp.csproj", "{ABB33088-710C-4380-AA40-51B67001EB95}"
EndProject
Global
	GlobalSection(SolutionConfigurationPlatforms) = preSolution
		Debug|Any CPU = Debug|Any CPU
		Release|Any CPU = Release|Any CPU
	EndGlobalSection
	GlobalSection(ProjectConfigurationPlatforms) = postSolution
		{ABB33088-710C-4380-AA40-51B67001EB95}.Debug|Any CPU.ActiveCfg = Debug|Any CPU
		{ABB33088-710C-4380-AA40-51B67001EB95}.Debug|Any CPU.Build.0 = Debug|Any CPU
		{ABB33088-710C-4380-AA40-51B67001EB95}.Release|Any CPU.ActiveCfg = Release|Any CPU
		{ABB33088-710C-4380-AA40-51B67001EB95}.Release|Any CPU.Build.0 = Release|Any CPU
	EndGlobalSection
	GlobalSection(SolutionProperties) = preSolution
		HideSolutionNode = FALSE
	EndGlobalSection
	GlobalSection(ExtensibilityGlobals) = postSolution
		SolutionGuid = {44DBBFE9-1DAF-4273-93EB-F68202E941AC}
	EndGlobalSection
EndGlobal
