
Microsoft Visual Studio Solution File, Format Version 12.00
# Visual Studio Version 16
VisualStudioVersion = 16.0.31410.357
MinimumVisualStudioVersion = 10.0.40219.1
Project("{FAE04EC0-301F-11D3-BF4B-00C04F79EFBC}") = "Aula  3 - Curso CSharp", "Aula  3 - Curso CSharp.csproj", "{033D7BA5-80A4-488C-8C82-CCF5E5CD8FA6}"
EndProject
Global
	GlobalSection(SolutionConfigurationPlatforms) = preSolution
		Debug|Any CPU = Debug|Any CPU
		Release|Any CPU = Release|Any CPU
	EndGlobalSection
	GlobalSection(ProjectConfigurationPlatforms) = postSolution
		{033D7BA5-80A4-488C-8C82-CCF5E5CD8FA6}.Debug|Any CPU.ActiveCfg = Debug|Any CPU
		{033D7BA5-80A4-488C-8C82-CCF5E5CD8FA6}.Debug|Any CPU.Build.0 = Debug|Any CPU
		{033D7BA5-80A4-488C-8C82-CCF5E5CD8FA6}.Release|Any CPU.ActiveCfg = Release|Any CPU
		{033D7BA5-80A4-488C-8C82-CCF5E5CD8FA6}.Release|Any CPU.Build.0 = Release|Any CPU
	EndGlobalSection
	GlobalSection(SolutionProperties) = preSolution
		HideSolutionNode = FALSE
	EndGlobalSection
	GlobalSection(ExtensibilityGlobals) = postSolution
		SolutionGuid = {907892A9-0AAF-4BE3-BE1F-C0A38F726F37}
	EndGlobalSection
EndGlobal
