
Microsoft Visual Studio Solution File, Format Version 12.00
# Visual Studio Version 16
VisualStudioVersion = 16.0.31410.357
MinimumVisualStudioVersion = 10.0.40219.1
Project("{FAE04EC0-301F-11D3-BF4B-00C04F79EFBC}") = "Hashtables", "Hashtables.csproj", "{88EAA9C7-0185-48B2-BA7B-673656D3849B}"
EndProject
Global
	GlobalSection(SolutionConfigurationPlatforms) = preSolution
		Debug|Any CPU = Debug|Any CPU
		Release|Any CPU = Release|Any CPU
	EndGlobalSection
	GlobalSection(ProjectConfigurationPlatforms) = postSolution
		{88EAA9C7-0185-48B2-BA7B-673656D3849B}.Debug|Any CPU.ActiveCfg = Debug|Any CPU
		{88EAA9C7-0185-48B2-BA7B-673656D3849B}.Debug|Any CPU.Build.0 = Debug|Any CPU
		{88EAA9C7-0185-48B2-BA7B-673656D3849B}.Release|Any CPU.ActiveCfg = Release|Any CPU
		{88EAA9C7-0185-48B2-BA7B-673656D3849B}.Release|Any CPU.Build.0 = Release|Any CPU
	EndGlobalSection
	GlobalSection(SolutionProperties) = preSolution
		HideSolutionNode = FALSE
	EndGlobalSection
	GlobalSection(ExtensibilityGlobals) = postSolution
		SolutionGuid = {CE4B9723-3BD7-4C76-9EAE-309FEF1BF49C}
	EndGlobalSection
EndGlobal
