
Microsoft Visual Studio Solution File, Format Version 12.00
# Visual Studio Version 16
VisualStudioVersion = 16.0.31410.357
MinimumVisualStudioVersion = 10.0.40219.1
Project("{FAE04EC0-301F-11D3-BF4B-00C04F79EFBC}") = "Aula 11 - CSharp", "Aula 11 - CSharp.csproj", "{32DB8215-D7B7-4E61-9DA9-0BF8A9132DBE}"
EndProject
Global
	GlobalSection(SolutionConfigurationPlatforms) = preSolution
		Debug|Any CPU = Debug|Any CPU
		Release|Any CPU = Release|Any CPU
	EndGlobalSection
	GlobalSection(ProjectConfigurationPlatforms) = postSolution
		{32DB8215-D7B7-4E61-9DA9-0BF8A9132DBE}.Debug|Any CPU.ActiveCfg = Debug|Any CPU
		{32DB8215-D7B7-4E61-9DA9-0BF8A9132DBE}.Debug|Any CPU.Build.0 = Debug|Any CPU
		{32DB8215-D7B7-4E61-9DA9-0BF8A9132DBE}.Release|Any CPU.ActiveCfg = Release|Any CPU
		{32DB8215-D7B7-4E61-9DA9-0BF8A9132DBE}.Release|Any CPU.Build.0 = Release|Any CPU
	EndGlobalSection
	GlobalSection(SolutionProperties) = preSolution
		HideSolutionNode = FALSE
	EndGlobalSection
	GlobalSection(ExtensibilityGlobals) = postSolution
		SolutionGuid = {F140990D-89B6-4EED-9731-DE676378F821}
	EndGlobalSection
EndGlobal
